
Microsoft Visual Studio Solution File, Format Version 12.00
# Visual Studio Version 17
VisualStudioVersion = 17.2.32616.157
MinimumVisualStudioVersion = 10.0.40219.1
Project("{8BC9CEB8-8B4A-11D0-8D11-00A0C91BC942}") = "ex1", "ex1\ex1.vcxproj", "{D9D5B91F-07FF-4E5E-84A4-1D25D5E01E60}"
EndProject
Project("{8BC9CEB8-8B4A-11D0-8D11-00A0C91BC942}") = "ex2", "ex2\ex2.vcxproj", "{B5E0AD1E-8C2B-4063-A2B0-3DCBD9CD5CF9}"
EndProject
Project("{8BC9CEB8-8B4A-11D0-8D11-00A0C91BC942}") = "ex3", "ex3\ex3.vcxproj", "{F0779F53-2728-4CE9-A315-BD6252ED9D3D}"
EndProject
Project("{8BC9CEB8-8B4A-11D0-8D11-00A0C91BC942}") = "ex4", "ex4\ex4.vcxproj", "{FCF92575-139D-4E07-9C33-ADE712948077}"
EndProject
Project("{8BC9CEB8-8B4A-11D0-8D11-00A0C91BC942}") = "ex5", "ex5\ex5.vcxproj", "{A06BC29F-75F7-4B48-866F-0AB4580CE1C3}"
EndProject
Project("{8BC9CEB8-8B4A-11D0-8D11-00A0C91BC942}") = "ex6", "ex6\ex6.vcxproj", "{E9D558DC-CFA8-400C-8454-0CDD6B86544C}"
EndProject
Project("{8BC9CEB8-8B4A-11D0-8D11-00A0C91BC942}") = "ex7", "ex7\ex7.vcxproj", "{67132233-FAF4-4B1D-B2E6-6F5AA7E1B109}"
EndProject
Project("{8BC9CEB8-8B4A-11D0-8D11-00A0C91BC942}") = "ex8", "ex8\ex8.vcxproj", "{6B01857B-94DA-4C1A-85F3-819CA033417B}"
EndProject
Project("{8BC9CEB8-8B4A-11D0-8D11-00A0C91BC942}") = "ex9", "ex9\ex9.vcxproj", "{B50DF583-023C-4671-A221-B0092940F6D4}"
EndProject
Project("{8BC9CEB8-8B4A-11D0-8D11-00A0C91BC942}") = "ex10", "ex10\ex10.vcxproj", "{94392F28-AB22-4B67-922A-295E34194417}"
EndProject
Global
	GlobalSection(SolutionConfigurationPlatforms) = preSolution
		Debug|x64 = Debug|x64
		Debug|x86 = Debug|x86
		Release|x64 = Release|x64
		Release|x86 = Release|x86
	EndGlobalSection
	GlobalSection(ProjectConfigurationPlatforms) = postSolution
		{D9D5B91F-07FF-4E5E-84A4-1D25D5E01E60}.Debug|x64.ActiveCfg = Debug|x64
		{D9D5B91F-07FF-4E5E-84A4-1D25D5E01E60}.Debug|x64.Build.0 = Debug|x64
		{D9D5B91F-07FF-4E5E-84A4-1D25D5E01E60}.Debug|x86.ActiveCfg = Debug|Win32
		{D9D5B91F-07FF-4E5E-84A4-1D25D5E01E60}.Debug|x86.Build.0 = Debug|Win32
		{D9D5B91F-07FF-4E5E-84A4-1D25D5E01E60}.Release|x64.ActiveCfg = Release|x64
		{D9D5B91F-07FF-4E5E-84A4-1D25D5E01E60}.Release|x64.Build.0 = Release|x64
		{D9D5B91F-07FF-4E5E-84A4-1D25D5E01E60}.Release|x86.ActiveCfg = Release|Win32
		{D9D5B91F-07FF-4E5E-84A4-1D25D5E01E60}.Release|x86.Build.0 = Release|Win32
		{B5E0AD1E-8C2B-4063-A2B0-3DCBD9CD5CF9}.Debug|x64.ActiveCfg = Debug|x64
		{B5E0AD1E-8C2B-4063-A2B0-3DCBD9CD5CF9}.Debug|x64.Build.0 = Debug|x64
		{B5E0AD1E-8C2B-4063-A2B0-3DCBD9CD5CF9}.Debug|x86.ActiveCfg = Debug|Win32
		{B5E0AD1E-8C2B-4063-A2B0-3DCBD9CD5CF9}.Debug|x86.Build.0 = Debug|Win32
		{B5E0AD1E-8C2B-4063-A2B0-3DCBD9CD5CF9}.Release|x64.ActiveCfg = Release|x64
		{B5E0AD1E-8C2B-4063-A2B0-3DCBD9CD5CF9}.Release|x64.Build.0 = Release|x64
		{B5E0AD1E-8C2B-4063-A2B0-3DCBD9CD5CF9}.Release|x86.ActiveCfg = Release|Win32
		{B5E0AD1E-8C2B-4063-A2B0-3DCBD9CD5CF9}.Release|x86.Build.0 = Release|Win32
		{F0779F53-2728-4CE9-A315-BD6252ED9D3D}.Debug|x64.ActiveCfg = Debug|x64
		{F0779F53-2728-4CE9-A315-BD6252ED9D3D}.Debug|x64.Build.0 = Debug|x64
		{F0779F53-2728-4CE9-A315-BD6252ED9D3D}.Debug|x86.ActiveCfg = Debug|Win32
		{F0779F53-2728-4CE9-A315-BD6252ED9D3D}.Debug|x86.Build.0 = Debug|Win32
		{F0779F53-2728-4CE9-A315-BD6252ED9D3D}.Release|x64.ActiveCfg = Release|x64
		{F0779F53-2728-4CE9-A315-BD6252ED9D3D}.Release|x64.Build.0 = Release|x64
		{F0779F53-2728-4CE9-A315-BD6252ED9D3D}.Release|x86.ActiveCfg = Release|Win32
		{F0779F53-2728-4CE9-A315-BD6252ED9D3D}.Release|x86.Build.0 = Release|Win32
		{FCF92575-139D-4E07-9C33-ADE712948077}.Debug|x64.ActiveCfg = Debug|x64
		{FCF92575-139D-4E07-9C33-ADE712948077}.Debug|x64.Build.0 = Debug|x64
		{FCF92575-139D-4E07-9C33-ADE712948077}.Debug|x86.ActiveCfg = Debug|Win32
		{FCF92575-139D-4E07-9C33-ADE712948077}.Debug|x86.Build.0 = Debug|Win32
		{FCF92575-139D-4E07-9C33-ADE712948077}.Release|x64.ActiveCfg = Release|x64
		{FCF92575-139D-4E07-9C33-ADE712948077}.Release|x64.Build.0 = Release|x64
		{FCF92575-139D-4E07-9C33-ADE712948077}.Release|x86.ActiveCfg = Release|Win32
		{FCF92575-139D-4E07-9C33-ADE712948077}.Release|x86.Build.0 = Release|Win32
		{A06BC29F-75F7-4B48-866F-0AB4580CE1C3}.Debug|x64.ActiveCfg = Debug|x64
		{A06BC29F-75F7-4B48-866F-0AB4580CE1C3}.Debug|x64.Build.0 = Debug|x64
		{A06BC29F-75F7-4B48-866F-0AB4580CE1C3}.Debug|x86.ActiveCfg = Debug|Win32
		{A06BC29F-75F7-4B48-866F-0AB4580CE1C3}.Debug|x86.Build.0 = Debug|Win32
		{A06BC29F-75F7-4B48-866F-0AB4580CE1C3}.Release|x64.ActiveCfg = Release|x64
		{A06BC29F-75F7-4B48-866F-0AB4580CE1C3}.Release|x64.Build.0 = Release|x64
		{A06BC29F-75F7-4B48-866F-0AB4580CE1C3}.Release|x86.ActiveCfg = Release|Win32
		{A06BC29F-75F7-4B48-866F-0AB4580CE1C3}.Release|x86.Build.0 = Release|Win32
		{E9D558DC-CFA8-400C-8454-0CDD6B86544C}.Debug|x64.ActiveCfg = Debug|x64
		{E9D558DC-CFA8-400C-8454-0CDD6B86544C}.Debug|x64.Build.0 = Debug|x64
		{E9D558DC-CFA8-400C-8454-0CDD6B86544C}.Debug|x86.ActiveCfg = Debug|Win32
		{E9D558DC-CFA8-400C-8454-0CDD6B86544C}.Debug|x86.Build.0 = Debug|Win32
		{E9D558DC-CFA8-400C-8454-0CDD6B86544C}.Release|x64.ActiveCfg = Release|x64
		{E9D558DC-CFA8-400C-8454-0CDD6B86544C}.Release|x64.Build.0 = Release|x64
		{E9D558DC-CFA8-400C-8454-0CDD6B86544C}.Release|x86.ActiveCfg = Release|Win32
		{E9D558DC-CFA8-400C-8454-0CDD6B86544C}.Release|x86.Build.0 = Release|Win32
		{67132233-FAF4-4B1D-B2E6-6F5AA7E1B109}.Debug|x64.ActiveCfg = Debug|x64
		{67132233-FAF4-4B1D-B2E6-6F5AA7E1B109}.Debug|x64.Build.0 = Debug|x64
		{67132233-FAF4-4B1D-B2E6-6F5AA7E1B109}.Debug|x86.ActiveCfg = Debug|Win32
		{67132233-FAF4-4B1D-B2E6-6F5AA7E1B109}.Debug|x86.Build.0 = Debug|Win32
		{67132233-FAF4-4B1D-B2E6-6F5AA7E1B109}.Release|x64.ActiveCfg = Release|x64
		{67132233-FAF4-4B1D-B2E6-6F5AA7E1B109}.Release|x64.Build.0 = Release|x64
		{67132233-FAF4-4B1D-B2E6-6F5AA7E1B109}.Release|x86.ActiveCfg = Release|Win32
		{67132233-FAF4-4B1D-B2E6-6F5AA7E1B109}.Release|x86.Build.0 = Release|Win32
		{6B01857B-94DA-4C1A-85F3-819CA033417B}.Debug|x64.ActiveCfg = Debug|x64
		{6B01857B-94DA-4C1A-85F3-819CA033417B}.Debug|x64.Build.0 = Debug|x64
		{6B01857B-94DA-4C1A-85F3-819CA033417B}.Debug|x86.ActiveCfg = Debug|Win32
		{6B01857B-94DA-4C1A-85F3-819CA033417B}.Debug|x86.Build.0 = Debug|Win32
		{6B01857B-94DA-4C1A-85F3-819CA033417B}.Release|x64.ActiveCfg = Release|x64
		{6B01857B-94DA-4C1A-85F3-819CA033417B}.Release|x64.Build.0 = Release|x64
		{6B01857B-94DA-4C1A-85F3-819CA033417B}.Release|x86.ActiveCfg = Release|Win32
		{6B01857B-94DA-4C1A-85F3-819CA033417B}.Release|x86.Build.0 = Release|Win32
		{B50DF583-023C-4671-A221-B0092940F6D4}.Debug|x64.ActiveCfg = Debug|x64
		{B50DF583-023C-4671-A221-B0092940F6D4}.Debug|x64.Build.0 = Debug|x64
		{B50DF583-023C-4671-A221-B0092940F6D4}.Debug|x86.ActiveCfg = Debug|Win32
		{B50DF583-023C-4671-A221-B0092940F6D4}.Debug|x86.Build.0 = Debug|Win32
		{B50DF583-023C-4671-A221-B0092940F6D4}.Release|x64.ActiveCfg = Release|x64
		{B50DF583-023C-4671-A221-B0092940F6D4}.Release|x64.Build.0 = Release|x64
		{B50DF583-023C-4671-A221-B0092940F6D4}.Release|x86.ActiveCfg = Release|Win32
		{B50DF583-023C-4671-A221-B0092940F6D4}.Release|x86.Build.0 = Release|Win32
		{94392F28-AB22-4B67-922A-295E34194417}.Debug|x64.ActiveCfg = Debug|x64
		{94392F28-AB22-4B67-922A-295E34194417}.Debug|x64.Build.0 = Debug|x64
		{94392F28-AB22-4B67-922A-295E34194417}.Debug|x86.ActiveCfg = Debug|Win32
		{94392F28-AB22-4B67-922A-295E34194417}.Debug|x86.Build.0 = Debug|Win32
		{94392F28-AB22-4B67-922A-295E34194417}.Release|x64.ActiveCfg = Release|x64
		{94392F28-AB22-4B67-922A-295E34194417}.Release|x64.Build.0 = Release|x64
		{94392F28-AB22-4B67-922A-295E34194417}.Release|x86.ActiveCfg = Release|Win32
		{94392F28-AB22-4B67-922A-295E34194417}.Release|x86.Build.0 = Release|Win32
	EndGlobalSection
	GlobalSection(SolutionProperties) = preSolution
		HideSolutionNode = FALSE
	EndGlobalSection
	GlobalSection(ExtensibilityGlobals) = postSolution
		SolutionGuid = {FAE0EF5B-6A96-4DF8-AF66-12B8CBE57554}
	EndGlobalSection
EndGlobal
